
Microsoft Visual Studio Solution File, Format Version 12.00
# Visual Studio Version 16
VisualStudioVersion = 16.0.29519.87
MinimumVisualStudioVersion = 10.0.40219.1
Project("{FAE04EC0-301F-11D3-BF4B-00C04F79EFBC}") = "MS_SQL_Helper", "MS_SQL_Helper\MS_SQL_Helper.csproj", "{0082BA75-E514-450A-BF9A-675BE49A4375}"
EndProject
Global
	GlobalSection(SolutionConfigurationPlatforms) = preSolution
		Debug|Any CPU = Debug|Any CPU
		Release|Any CPU = Release|Any CPU
	EndGlobalSection
	GlobalSection(ProjectConfigurationPlatforms) = postSolution
		{0082BA75-E514-450A-BF9A-675BE49A4375}.Debug|Any CPU.ActiveCfg = Debug|Any CPU
		{0082BA75-E514-450A-BF9A-675BE49A4375}.Debug|Any CPU.Build.0 = Debug|Any CPU
		{0082BA75-E514-450A-BF9A-675BE49A4375}.Release|Any CPU.ActiveCfg = Release|Any CPU
		{0082BA75-E514-450A-BF9A-675BE49A4375}.Release|Any CPU.Build.0 = Release|Any CPU
	EndGlobalSection
	GlobalSection(SolutionProperties) = preSolution
		HideSolutionNode = FALSE
	EndGlobalSection
	GlobalSection(ExtensibilityGlobals) = postSolution
		SolutionGuid = {BFD40FD6-CE88-41F0-8558-0406744334F5}
	EndGlobalSection
EndGlobal
